// !$*UTF8*$!
{
	archiveVersion = 1;
	classes = {
	};
	objectVersion = 46;
	objects = {

/* Begin PBXBuildFile section */
		435F76C612C0F40B48D0D136 /* libPods-VeuExpress.a in Frameworks */ = {isa = PBXBuildFile; fileRef = 4ABD0AC053312EDB7300B4B7 /* libPods-VeuExpress.a */; };
		6F0D89DA1A6042B200B99D36 /* PQUser.m in Sources */ = {isa = PBXBuildFile; fileRef = 6F0D89D91A6042B200B99D36 /* PQUser.m */; };
		6F0D89DD1A6044CA00B99D36 /* PQThread.m in Sources */ = {isa = PBXBuildFile; fileRef = 6F0D89DC1A6044CA00B99D36 /* PQThread.m */; };
		6F3CB8601A6E015D005812D5 /* PQReplyTicketViewController.m in Sources */ = {isa = PBXBuildFile; fileRef = 6F3CB85F1A6E015D005812D5 /* PQReplyTicketViewController.m */; };
		6F3E42021A2B8A8800D13674 /* PQTicketListViewController.m in Sources */ = {isa = PBXBuildFile; fileRef = 6F3E42011A2B8A8800D13674 /* PQTicketListViewController.m */; };
		6F574A041A2C2A9E003FF8EF /* PQRequestingService.m in Sources */ = {isa = PBXBuildFile; fileRef = 6F574A031A2C2A9E003FF8EF /* PQRequestingService.m */; };
		6F574A071A2C2D3B003FF8EF /* PQParsingService.m in Sources */ = {isa = PBXBuildFile; fileRef = 6F574A061A2C2D3B003FF8EF /* PQParsingService.m */; };
		6F592F201A2A518000569033 /* PQLoginViewController.m in Sources */ = {isa = PBXBuildFile; fileRef = 6F592F1F1A2A518000569033 /* PQLoginViewController.m */; };
		6F725FBC1A659FA70021A228 /* PQTicketDetailViewController.m in Sources */ = {isa = PBXBuildFile; fileRef = 6F725FBB1A659FA70021A228 /* PQTicketDetailViewController.m */; };
		6F74E7981A6E5CAB00EC390E /* TicketThreadTableViewCell.m in Sources */ = {isa = PBXBuildFile; fileRef = 6F74E7971A6E5CAB00EC390E /* TicketThreadTableViewCell.m */; };
		6F9E9F631A6A56E400EA57B0 /* PQWebViewViewController.m in Sources */ = {isa = PBXBuildFile; fileRef = 6F9E9F621A6A56E400EA57B0 /* PQWebViewViewController.m */; };
		6FA712511A275C4D00D97F7D /* main.m in Sources */ = {isa = PBXBuildFile; fileRef = 6FA712501A275C4D00D97F7D /* main.m */; };
		6FA712541A275C4D00D97F7D /* AppDelegate.m in Sources */ = {isa = PBXBuildFile; fileRef = 6FA712531A275C4D00D97F7D /* AppDelegate.m */; };
		6FA7125A1A275C4D00D97F7D /* Main.storyboard in Resources */ = {isa = PBXBuildFile; fileRef = 6FA712581A275C4D00D97F7D /* Main.storyboard */; };
		6FA7125C1A275C4D00D97F7D /* Images.xcassets in Resources */ = {isa = PBXBuildFile; fileRef = 6FA7125B1A275C4D00D97F7D /* Images.xcassets */; };
		6FA7125F1A275C4D00D97F7D /* LaunchScreen.xib in Resources */ = {isa = PBXBuildFile; fileRef = 6FA7125D1A275C4D00D97F7D /* LaunchScreen.xib */; };
		6FA7126B1A275C4D00D97F7D /* VeuExpressTests.m in Sources */ = {isa = PBXBuildFile; fileRef = 6FA7126A1A275C4D00D97F7D /* VeuExpressTests.m */; };
		6FB1F43E1A2851F6009763EC /* PQTicket.m in Sources */ = {isa = PBXBuildFile; fileRef = 6FB1F43D1A2851F6009763EC /* PQTicket.m */; };
		6FB1F4451A2852A3009763EC /* PQAuthenticatingService.m in Sources */ = {isa = PBXBuildFile; fileRef = 6FB1F4441A2852A3009763EC /* PQAuthenticatingService.m */; };
		6FB1F4481A285518009763EC /* PQURLService.m in Sources */ = {isa = PBXBuildFile; fileRef = 6FB1F4471A285518009763EC /* PQURLService.m */; };
		6FB1F4501A2858E2009763EC /* TFHpple.m in Sources */ = {isa = PBXBuildFile; fileRef = 6FB1F44B1A2858E2009763EC /* TFHpple.m */; };
		6FB1F4511A2858E2009763EC /* TFHppleElement.m in Sources */ = {isa = PBXBuildFile; fileRef = 6FB1F44D1A2858E2009763EC /* TFHppleElement.m */; };
		6FB1F4521A2858E2009763EC /* XPathQuery.m in Sources */ = {isa = PBXBuildFile; fileRef = 6FB1F44F1A2858E2009763EC /* XPathQuery.m */; };
		6FB1F4561A285976009763EC /* libxml2.dylib in Frameworks */ = {isa = PBXBuildFile; fileRef = 6FB1F4541A285976009763EC /* libxml2.dylib */; };
		6FCC04791A5ABD3A007D321E /* PQTicketCell.m in Sources */ = {isa = PBXBuildFile; fileRef = 6FCC04781A5ABD3A007D321E /* PQTicketCell.m */; };
		6FD69E8E1A6B4EBE0066A908 /* PQConversationDetailViewController.m in Sources */ = {isa = PBXBuildFile; fileRef = 6FD69E8D1A6B4EBD0066A908 /* PQConversationDetailViewController.m */; };
		6FD69E941A6B52CC0066A908 /* PQThreadTableViewCell.m in Sources */ = {isa = PBXBuildFile; fileRef = 6FD69E931A6B52CC0066A908 /* PQThreadTableViewCell.m */; };
		6FF344251A6E26210057E242 /* TicketAuthorTableViewCell.m in Sources */ = {isa = PBXBuildFile; fileRef = 6FF344241A6E26210057E242 /* TicketAuthorTableViewCell.m */; };
		6FF344281A6E26460057E242 /* TicketDetailTableViewCell.m in Sources */ = {isa = PBXBuildFile; fileRef = 6FF344271A6E26460057E242 /* TicketDetailTableViewCell.m */; };
		6FF7AD3E1A2DBEF600F35375 /* PQTicketTableViewViewController.m in Sources */ = {isa = PBXBuildFile; fileRef = 6FF7AD3D1A2DBEF600F35375 /* PQTicketTableViewViewController.m */; };
/* End PBXBuildFile section */

/* Begin PBXContainerItemProxy section */
		6FA712651A275C4D00D97F7D /* PBXContainerItemProxy */ = {
			isa = PBXContainerItemProxy;
			containerPortal = 6FA712431A275C4D00D97F7D /* Project object */;
			proxyType = 1;
			remoteGlobalIDString = 6FA7124A1A275C4D00D97F7D;
			remoteInfo = VeuExpress;
		};
/* End PBXContainerItemProxy section */

/* Begin PBXFileReference section */
		4ABD0AC053312EDB7300B4B7 /* libPods-VeuExpress.a */ = {isa = PBXFileReference; explicitFileType = archive.ar; includeInIndex = 0; path = "libPods-VeuExpress.a"; sourceTree = BUILT_PRODUCTS_DIR; };
		625E868E39B49BF14423AF2C /* Pods-VeuExpress.release.xcconfig */ = {isa = PBXFileReference; includeInIndex = 1; lastKnownFileType = text.xcconfig; name = "Pods-VeuExpress.release.xcconfig"; path = "Pods/Target Support Files/Pods-VeuExpress/Pods-VeuExpress.release.xcconfig"; sourceTree = "<group>"; };
		6F0D89D81A6042B200B99D36 /* PQUser.h */ = {isa = PBXFileReference; fileEncoding = 4; lastKnownFileType = sourcecode.c.h; name = PQUser.h; path = Model/PQUser.h; sourceTree = "<group>"; };
		6F0D89D91A6042B200B99D36 /* PQUser.m */ = {isa = PBXFileReference; fileEncoding = 4; lastKnownFileType = sourcecode.c.objc; name = PQUser.m; path = Model/PQUser.m; sourceTree = "<group>"; };
		6F0D89DB1A6044CA00B99D36 /* PQThread.h */ = {isa = PBXFileReference; fileEncoding = 4; lastKnownFileType = sourcecode.c.h; name = PQThread.h; path = Model/PQThread.h; sourceTree = "<group>"; };
		6F0D89DC1A6044CA00B99D36 /* PQThread.m */ = {isa = PBXFileReference; fileEncoding = 4; lastKnownFileType = sourcecode.c.objc; name = PQThread.m; path = Model/PQThread.m; sourceTree = "<group>"; };
		6F3CB85E1A6E015D005812D5 /* PQReplyTicketViewController.h */ = {isa = PBXFileReference; fileEncoding = 4; lastKnownFileType = sourcecode.c.h; name = PQReplyTicketViewController.h; path = Controller/PQReplyTicketViewController.h; sourceTree = "<group>"; };
		6F3CB85F1A6E015D005812D5 /* PQReplyTicketViewController.m */ = {isa = PBXFileReference; fileEncoding = 4; lastKnownFileType = sourcecode.c.objc; name = PQReplyTicketViewController.m; path = Controller/PQReplyTicketViewController.m; sourceTree = "<group>"; };
		6F3E42001A2B8A8800D13674 /* PQTicketListViewController.h */ = {isa = PBXFileReference; fileEncoding = 4; lastKnownFileType = sourcecode.c.h; name = PQTicketListViewController.h; path = Controller/PQTicketListViewController.h; sourceTree = "<group>"; };
		6F3E42011A2B8A8800D13674 /* PQTicketListViewController.m */ = {isa = PBXFileReference; fileEncoding = 4; lastKnownFileType = sourcecode.c.objc; name = PQTicketListViewController.m; path = Controller/PQTicketListViewController.m; sourceTree = "<group>"; };
		6F574A021A2C2A9E003FF8EF /* PQRequestingService.h */ = {isa = PBXFileReference; fileEncoding = 4; lastKnownFileType = sourcecode.c.h; name = PQRequestingService.h; path = Model/PQRequestingService.h; sourceTree = "<group>"; };
		6F574A031A2C2A9E003FF8EF /* PQRequestingService.m */ = {isa = PBXFileReference; fileEncoding = 4; lastKnownFileType = sourcecode.c.objc; name = PQRequestingService.m; path = Model/PQRequestingService.m; sourceTree = "<group>"; };
		6F574A051A2C2D3B003FF8EF /* PQParsingService.h */ = {isa = PBXFileReference; fileEncoding = 4; lastKnownFileType = sourcecode.c.h; name = PQParsingService.h; path = Model/PQParsingService.h; sourceTree = "<group>"; };
		6F574A061A2C2D3B003FF8EF /* PQParsingService.m */ = {isa = PBXFileReference; fileEncoding = 4; lastKnownFileType = sourcecode.c.objc; name = PQParsingService.m; path = Model/PQParsingService.m; sourceTree = "<group>"; };
		6F592F1E1A2A518000569033 /* PQLoginViewController.h */ = {isa = PBXFileReference; fileEncoding = 4; lastKnownFileType = sourcecode.c.h; name = PQLoginViewController.h; path = Controller/PQLoginViewController.h; sourceTree = "<group>"; };
		6F592F1F1A2A518000569033 /* PQLoginViewController.m */ = {isa = PBXFileReference; fileEncoding = 4; lastKnownFileType = sourcecode.c.objc; name = PQLoginViewController.m; path = Controller/PQLoginViewController.m; sourceTree = "<group>"; };
		6F725FBA1A659FA70021A228 /* PQTicketDetailViewController.h */ = {isa = PBXFileReference; fileEncoding = 4; lastKnownFileType = sourcecode.c.h; name = PQTicketDetailViewController.h; path = Controller/PQTicketDetailViewController.h; sourceTree = "<group>"; };
		6F725FBB1A659FA70021A228 /* PQTicketDetailViewController.m */ = {isa = PBXFileReference; fileEncoding = 4; lastKnownFileType = sourcecode.c.objc; name = PQTicketDetailViewController.m; path = Controller/PQTicketDetailViewController.m; sourceTree = "<group>"; };
		6F74E7961A6E5CAB00EC390E /* TicketThreadTableViewCell.h */ = {isa = PBXFileReference; fileEncoding = 4; lastKnownFileType = sourcecode.c.h; name = TicketThreadTableViewCell.h; path = Controller/TicketDetailCells/TicketThreadTableViewCell.h; sourceTree = "<group>"; };
		6F74E7971A6E5CAB00EC390E /* TicketThreadTableViewCell.m */ = {isa = PBXFileReference; fileEncoding = 4; lastKnownFileType = sourcecode.c.objc; name = TicketThreadTableViewCell.m; path = Controller/TicketDetailCells/TicketThreadTableViewCell.m; sourceTree = "<group>"; };
		6F80B4001A59A240002E1C9E /* TicketViewTypeEnum.h */ = {isa = PBXFileReference; lastKnownFileType = sourcecode.c.h; name = TicketViewTypeEnum.h; path = Model/TicketViewTypeEnum.h; sourceTree = "<group>"; };
		6F9E9F611A6A56E400EA57B0 /* PQWebViewViewController.h */ = {isa = PBXFileReference; fileEncoding = 4; lastKnownFileType = sourcecode.c.h; name = PQWebViewViewController.h; path = Controller/PQWebViewViewController.h; sourceTree = "<group>"; };
		6F9E9F621A6A56E400EA57B0 /* PQWebViewViewController.m */ = {isa = PBXFileReference; fileEncoding = 4; lastKnownFileType = sourcecode.c.objc; name = PQWebViewViewController.m; path = Controller/PQWebViewViewController.m; sourceTree = "<group>"; };
		6FA7124B1A275C4D00D97F7D /* VeuExpress.app */ = {isa = PBXFileReference; explicitFileType = wrapper.application; includeInIndex = 0; path = VeuExpress.app; sourceTree = BUILT_PRODUCTS_DIR; };
		6FA7124F1A275C4D00D97F7D /* Info.plist */ = {isa = PBXFileReference; lastKnownFileType = text.plist.xml; path = Info.plist; sourceTree = "<group>"; };
		6FA712501A275C4D00D97F7D /* main.m */ = {isa = PBXFileReference; lastKnownFileType = sourcecode.c.objc; path = main.m; sourceTree = "<group>"; };
		6FA712521A275C4D00D97F7D /* AppDelegate.h */ = {isa = PBXFileReference; lastKnownFileType = sourcecode.c.h; path = AppDelegate.h; sourceTree = "<group>"; };
		6FA712531A275C4D00D97F7D /* AppDelegate.m */ = {isa = PBXFileReference; lastKnownFileType = sourcecode.c.objc; path = AppDelegate.m; sourceTree = "<group>"; };
		6FA712591A275C4D00D97F7D /* Base */ = {isa = PBXFileReference; lastKnownFileType = file.storyboard; name = Base; path = Base.lproj/Main.storyboard; sourceTree = "<group>"; };
		6FA7125B1A275C4D00D97F7D /* Images.xcassets */ = {isa = PBXFileReference; lastKnownFileType = folder.assetcatalog; path = Images.xcassets; sourceTree = "<group>"; };
		6FA7125E1A275C4D00D97F7D /* Base */ = {isa = PBXFileReference; lastKnownFileType = file.xib; name = Base; path = Base.lproj/LaunchScreen.xib; sourceTree = "<group>"; };
		6FA712641A275C4D00D97F7D /* VeuExpressTests.xctest */ = {isa = PBXFileReference; explicitFileType = wrapper.cfbundle; includeInIndex = 0; path = VeuExpressTests.xctest; sourceTree = BUILT_PRODUCTS_DIR; };
		6FA712691A275C4D00D97F7D /* Info.plist */ = {isa = PBXFileReference; lastKnownFileType = text.plist.xml; path = Info.plist; sourceTree = "<group>"; };
		6FA7126A1A275C4D00D97F7D /* VeuExpressTests.m */ = {isa = PBXFileReference; lastKnownFileType = sourcecode.c.objc; path = VeuExpressTests.m; sourceTree = "<group>"; };
		6FB1F43C1A2851F6009763EC /* PQTicket.h */ = {isa = PBXFileReference; fileEncoding = 4; lastKnownFileType = sourcecode.c.h; name = PQTicket.h; path = Model/PQTicket.h; sourceTree = "<group>"; };
		6FB1F43D1A2851F6009763EC /* PQTicket.m */ = {isa = PBXFileReference; fileEncoding = 4; lastKnownFileType = sourcecode.c.objc; name = PQTicket.m; path = Model/PQTicket.m; sourceTree = "<group>"; };
		6FB1F4431A2852A3009763EC /* PQAuthenticatingService.h */ = {isa = PBXFileReference; fileEncoding = 4; lastKnownFileType = sourcecode.c.h; name = PQAuthenticatingService.h; path = Model/PQAuthenticatingService.h; sourceTree = "<group>"; };
		6FB1F4441A2852A3009763EC /* PQAuthenticatingService.m */ = {isa = PBXFileReference; fileEncoding = 4; lastKnownFileType = sourcecode.c.objc; name = PQAuthenticatingService.m; path = Model/PQAuthenticatingService.m; sourceTree = "<group>"; };
		6FB1F4461A285518009763EC /* PQURLService.h */ = {isa = PBXFileReference; fileEncoding = 4; lastKnownFileType = sourcecode.c.h; name = PQURLService.h; path = Model/PQURLService.h; sourceTree = "<group>"; };
		6FB1F4471A285518009763EC /* PQURLService.m */ = {isa = PBXFileReference; fileEncoding = 4; lastKnownFileType = sourcecode.c.objc; name = PQURLService.m; path = Model/PQURLService.m; sourceTree = "<group>"; };
		6FB1F44A1A2858E2009763EC /* TFHpple.h */ = {isa = PBXFileReference; fileEncoding = 4; lastKnownFileType = sourcecode.c.h; path = TFHpple.h; sourceTree = "<group>"; };
		6FB1F44B1A2858E2009763EC /* TFHpple.m */ = {isa = PBXFileReference; fileEncoding = 4; lastKnownFileType = sourcecode.c.objc; path = TFHpple.m; sourceTree = "<group>"; };
		6FB1F44C1A2858E2009763EC /* TFHppleElement.h */ = {isa = PBXFileReference; fileEncoding = 4; lastKnownFileType = sourcecode.c.h; path = TFHppleElement.h; sourceTree = "<group>"; };
		6FB1F44D1A2858E2009763EC /* TFHppleElement.m */ = {isa = PBXFileReference; fileEncoding = 4; lastKnownFileType = sourcecode.c.objc; path = TFHppleElement.m; sourceTree = "<group>"; };
		6FB1F44E1A2858E2009763EC /* XPathQuery.h */ = {isa = PBXFileReference; fileEncoding = 4; lastKnownFileType = sourcecode.c.h; path = XPathQuery.h; sourceTree = "<group>"; };
		6FB1F44F1A2858E2009763EC /* XPathQuery.m */ = {isa = PBXFileReference; fileEncoding = 4; lastKnownFileType = sourcecode.c.objc; path = XPathQuery.m; sourceTree = "<group>"; };
		6FB1F4531A285976009763EC /* libxml2.2.dylib */ = {isa = PBXFileReference; lastKnownFileType = "compiled.mach-o.dylib"; name = libxml2.2.dylib; path = usr/lib/libxml2.2.dylib; sourceTree = SDKROOT; };
		6FB1F4541A285976009763EC /* libxml2.dylib */ = {isa = PBXFileReference; lastKnownFileType = "compiled.mach-o.dylib"; name = libxml2.dylib; path = usr/lib/libxml2.dylib; sourceTree = SDKROOT; };
		6FCC04771A5ABD3A007D321E /* PQTicketCell.h */ = {isa = PBXFileReference; fileEncoding = 4; lastKnownFileType = sourcecode.c.h; name = PQTicketCell.h; path = Controller/PQTicketCell.h; sourceTree = "<group>"; };
		6FCC04781A5ABD3A007D321E /* PQTicketCell.m */ = {isa = PBXFileReference; fileEncoding = 4; lastKnownFileType = sourcecode.c.objc; name = PQTicketCell.m; path = Controller/PQTicketCell.m; sourceTree = "<group>"; };
		6FD69E8C1A6B4EBD0066A908 /* PQConversationDetailViewController.h */ = {isa = PBXFileReference; fileEncoding = 4; lastKnownFileType = sourcecode.c.h; name = PQConversationDetailViewController.h; path = Controller/PQConversationDetailViewController.h; sourceTree = "<group>"; };
		6FD69E8D1A6B4EBD0066A908 /* PQConversationDetailViewController.m */ = {isa = PBXFileReference; fileEncoding = 4; lastKnownFileType = sourcecode.c.objc; name = PQConversationDetailViewController.m; path = Controller/PQConversationDetailViewController.m; sourceTree = "<group>"; };
		6FD69E921A6B52CC0066A908 /* PQThreadTableViewCell.h */ = {isa = PBXFileReference; fileEncoding = 4; lastKnownFileType = sourcecode.c.h; name = PQThreadTableViewCell.h; path = Controller/PQThreadTableViewCell.h; sourceTree = "<group>"; };
		6FD69E931A6B52CC0066A908 /* PQThreadTableViewCell.m */ = {isa = PBXFileReference; fileEncoding = 4; lastKnownFileType = sourcecode.c.objc; name = PQThreadTableViewCell.m; path = Controller/PQThreadTableViewCell.m; sourceTree = "<group>"; };
		6FF344231A6E26210057E242 /* TicketAuthorTableViewCell.h */ = {isa = PBXFileReference; fileEncoding = 4; lastKnownFileType = sourcecode.c.h; name = TicketAuthorTableViewCell.h; path = Controller/TicketDetailCells/TicketAuthorTableViewCell.h; sourceTree = "<group>"; };
		6FF344241A6E26210057E242 /* TicketAuthorTableViewCell.m */ = {isa = PBXFileReference; fileEncoding = 4; lastKnownFileType = sourcecode.c.objc; name = TicketAuthorTableViewCell.m; path = Controller/TicketDetailCells/TicketAuthorTableViewCell.m; sourceTree = "<group>"; };
		6FF344261A6E26460057E242 /* TicketDetailTableViewCell.h */ = {isa = PBXFileReference; fileEncoding = 4; lastKnownFileType = sourcecode.c.h; name = TicketDetailTableViewCell.h; path = Controller/TicketDetailCells/TicketDetailTableViewCell.h; sourceTree = "<group>"; };
		6FF344271A6E26460057E242 /* TicketDetailTableViewCell.m */ = {isa = PBXFileReference; fileEncoding = 4; lastKnownFileType = sourcecode.c.objc; name = TicketDetailTableViewCell.m; path = Controller/TicketDetailCells/TicketDetailTableViewCell.m; sourceTree = "<group>"; };
		6FF7AD3C1A2DBEF600F35375 /* PQTicketTableViewViewController.h */ = {isa = PBXFileReference; fileEncoding = 4; lastKnownFileType = sourcecode.c.h; name = PQTicketTableViewViewController.h; path = Controller/PQTicketTableViewViewController.h; sourceTree = "<group>"; };
		6FF7AD3D1A2DBEF600F35375 /* PQTicketTableViewViewController.m */ = {isa = PBXFileReference; fileEncoding = 4; lastKnownFileType = sourcecode.c.objc; name = PQTicketTableViewViewController.m; path = Controller/PQTicketTableViewViewController.m; sourceTree = "<group>"; };
		9E0F22BBAFE1753A1D34B838 /* Pods-VeuExpress.debug.xcconfig */ = {isa = PBXFileReference; includeInIndex = 1; lastKnownFileType = text.xcconfig; name = "Pods-VeuExpress.debug.xcconfig"; path = "Pods/Target Support Files/Pods-VeuExpress/Pods-VeuExpress.debug.xcconfig"; sourceTree = "<group>"; };
/* End PBXFileReference section */

/* Begin PBXFrameworksBuildPhase section */
		6FA712481A275C4D00D97F7D /* Frameworks */ = {
			isa = PBXFrameworksBuildPhase;
			buildActionMask = 2147483647;
			files = (
				6FB1F4561A285976009763EC /* libxml2.dylib in Frameworks */,
				435F76C612C0F40B48D0D136 /* libPods-VeuExpress.a in Frameworks */,
			);
			runOnlyForDeploymentPostprocessing = 0;
		};
		6FA712611A275C4D00D97F7D /* Frameworks */ = {
			isa = PBXFrameworksBuildPhase;
			buildActionMask = 2147483647;
			files = (
			);
			runOnlyForDeploymentPostprocessing = 0;
		};
/* End PBXFrameworksBuildPhase section */

/* Begin PBXGroup section */
		6F592F1D1A2A515100569033 /* Controller */ = {
			isa = PBXGroup;
			children = (
				6F592F1E1A2A518000569033 /* PQLoginViewController.h */,
				6F592F1F1A2A518000569033 /* PQLoginViewController.m */,
				6F3E42001A2B8A8800D13674 /* PQTicketListViewController.h */,
				6F3E42011A2B8A8800D13674 /* PQTicketListViewController.m */,
				6FF7AD3C1A2DBEF600F35375 /* PQTicketTableViewViewController.h */,
				6FF7AD3D1A2DBEF600F35375 /* PQTicketTableViewViewController.m */,
				6FCC04771A5ABD3A007D321E /* PQTicketCell.h */,
				6FCC04781A5ABD3A007D321E /* PQTicketCell.m */,
				6F725FBA1A659FA70021A228 /* PQTicketDetailViewController.h */,
				6F725FBB1A659FA70021A228 /* PQTicketDetailViewController.m */,
				6FF344221A6E25DE0057E242 /* TicketDetailCells */,
				6F9E9F611A6A56E400EA57B0 /* PQWebViewViewController.h */,
				6F9E9F621A6A56E400EA57B0 /* PQWebViewViewController.m */,
				6F3CB85E1A6E015D005812D5 /* PQReplyTicketViewController.h */,
				6F3CB85F1A6E015D005812D5 /* PQReplyTicketViewController.m */,
				6F70FB781A7E9BE300925952 /* Dump */,
			);
			name = Controller;
			sourceTree = "<group>";
		};
		6F70FB781A7E9BE300925952 /* Dump */ = {
			isa = PBXGroup;
			children = (
				6FD69E8C1A6B4EBD0066A908 /* PQConversationDetailViewController.h */,
				6FD69E8D1A6B4EBD0066A908 /* PQConversationDetailViewController.m */,
				6FD69E921A6B52CC0066A908 /* PQThreadTableViewCell.h */,
				6FD69E931A6B52CC0066A908 /* PQThreadTableViewCell.m */,
			);
			name = Dump;
			sourceTree = "<group>";
		};
		6FA712421A275C4D00D97F7D = {
			isa = PBXGroup;
			children = (
				6FA7124D1A275C4D00D97F7D /* VeuExpress */,
				6FA712671A275C4D00D97F7D /* VeuExpressTests */,
				6FA7124C1A275C4D00D97F7D /* Products */,
				96A59494EF2EE0D3B354A71C /* Pods */,
				E9E63FB90EE87CAB9F03CF17 /* Frameworks */,
			);
			sourceTree = "<group>";
		};
		6FA7124C1A275C4D00D97F7D /* Products */ = {
			isa = PBXGroup;
			children = (
				6FA7124B1A275C4D00D97F7D /* VeuExpress.app */,
				6FA712641A275C4D00D97F7D /* VeuExpressTests.xctest */,
			);
			name = Products;
			sourceTree = "<group>";
		};
		6FA7124D1A275C4D00D97F7D /* VeuExpress */ = {
			isa = PBXGroup;
			children = (
				6FD69E8F1A6B510C0066A908 /* View */,
				6F592F1D1A2A515100569033 /* Controller */,
				6FB1F43F1A28522C009763EC /* Model */,
				6FA712521A275C4D00D97F7D /* AppDelegate.h */,
				6FA712531A275C4D00D97F7D /* AppDelegate.m */,
				6FA7125B1A275C4D00D97F7D /* Images.xcassets */,
				6FA7125D1A275C4D00D97F7D /* LaunchScreen.xib */,
				6FA7124E1A275C4D00D97F7D /* Supporting Files */,
			);
			path = VeuExpress;
			sourceTree = "<group>";
		};
		6FA7124E1A275C4D00D97F7D /* Supporting Files */ = {
			isa = PBXGroup;
			children = (
				6FA7124F1A275C4D00D97F7D /* Info.plist */,
				6FA712501A275C4D00D97F7D /* main.m */,
			);
			name = "Supporting Files";
			sourceTree = "<group>";
		};
		6FA712671A275C4D00D97F7D /* VeuExpressTests */ = {
			isa = PBXGroup;
			children = (
				6FA7126A1A275C4D00D97F7D /* VeuExpressTests.m */,
				6FA712681A275C4D00D97F7D /* Supporting Files */,
			);
			path = VeuExpressTests;
			sourceTree = "<group>";
		};
		6FA712681A275C4D00D97F7D /* Supporting Files */ = {
			isa = PBXGroup;
			children = (
				6FA712691A275C4D00D97F7D /* Info.plist */,
			);
			name = "Supporting Files";
			sourceTree = "<group>";
		};
		6FB1F43F1A28522C009763EC /* Model */ = {
			isa = PBXGroup;
			children = (
				6F80B4001A59A240002E1C9E /* TicketViewTypeEnum.h */,
				6FB1F43C1A2851F6009763EC /* PQTicket.h */,
				6FB1F43D1A2851F6009763EC /* PQTicket.m */,
				6F0D89D81A6042B200B99D36 /* PQUser.h */,
				6F0D89D91A6042B200B99D36 /* PQUser.m */,
				6F0D89DB1A6044CA00B99D36 /* PQThread.h */,
				6F0D89DC1A6044CA00B99D36 /* PQThread.m */,
				6FB1F4431A2852A3009763EC /* PQAuthenticatingService.h */,
				6FB1F4441A2852A3009763EC /* PQAuthenticatingService.m */,
				6FB1F4461A285518009763EC /* PQURLService.h */,
				6FB1F4471A285518009763EC /* PQURLService.m */,
				6F574A021A2C2A9E003FF8EF /* PQRequestingService.h */,
				6F574A031A2C2A9E003FF8EF /* PQRequestingService.m */,
				6F574A051A2C2D3B003FF8EF /* PQParsingService.h */,
				6F574A061A2C2D3B003FF8EF /* PQParsingService.m */,
			);
			name = Model;
			sourceTree = "<group>";
		};
		6FB1F4491A2858BB009763EC /* Hpple */ = {
			isa = PBXGroup;
			children = (
				6FB1F44A1A2858E2009763EC /* TFHpple.h */,
				6FB1F44B1A2858E2009763EC /* TFHpple.m */,
				6FB1F44C1A2858E2009763EC /* TFHppleElement.h */,
				6FB1F44D1A2858E2009763EC /* TFHppleElement.m */,
				6FB1F44E1A2858E2009763EC /* XPathQuery.h */,
				6FB1F44F1A2858E2009763EC /* XPathQuery.m */,
			);
			name = Hpple;
			sourceTree = "<group>";
		};
		6FD69E8F1A6B510C0066A908 /* View */ = {
			isa = PBXGroup;
			children = (
				6FA712581A275C4D00D97F7D /* Main.storyboard */,
			);
			name = View;
			sourceTree = "<group>";
		};
		6FF344221A6E25DE0057E242 /* TicketDetailCells */ = {
			isa = PBXGroup;
			children = (
				6FF344231A6E26210057E242 /* TicketAuthorTableViewCell.h */,
				6FF344241A6E26210057E242 /* TicketAuthorTableViewCell.m */,
				6FF344261A6E26460057E242 /* TicketDetailTableViewCell.h */,
				6FF344271A6E26460057E242 /* TicketDetailTableViewCell.m */,
				6F74E7961A6E5CAB00EC390E /* TicketThreadTableViewCell.h */,
				6F74E7971A6E5CAB00EC390E /* TicketThreadTableViewCell.m */,
			);
			name = TicketDetailCells;
			sourceTree = "<group>";
		};
		96A59494EF2EE0D3B354A71C /* Pods */ = {
			isa = PBXGroup;
			children = (
				9E0F22BBAFE1753A1D34B838 /* Pods-VeuExpress.debug.xcconfig */,
				625E868E39B49BF14423AF2C /* Pods-VeuExpress.release.xcconfig */,
			);
			name = Pods;
			sourceTree = "<group>";
		};
		E9E63FB90EE87CAB9F03CF17 /* Frameworks */ = {
			isa = PBXGroup;
			children = (
				6FB1F4531A285976009763EC /* libxml2.2.dylib */,
				6FB1F4541A285976009763EC /* libxml2.dylib */,
				6FB1F4491A2858BB009763EC /* Hpple */,
				4ABD0AC053312EDB7300B4B7 /* libPods-VeuExpress.a */,
			);
			name = Frameworks;
			sourceTree = "<group>";
		};
/* End PBXGroup section */

/* Begin PBXNativeTarget section */
		6FA7124A1A275C4D00D97F7D /* VeuExpress */ = {
			isa = PBXNativeTarget;
			buildConfigurationList = 6FA7126E1A275C4D00D97F7D /* Build configuration list for PBXNativeTarget "VeuExpress" */;
			buildPhases = (
				CD06E1B0A5E43F5B88DBE713 /* Check Pods Manifest.lock */,
				6FA712471A275C4D00D97F7D /* Sources */,
				6FA712481A275C4D00D97F7D /* Frameworks */,
				6FA712491A275C4D00D97F7D /* Resources */,
				07435B610940F2C004DEA604 /* Copy Pods Resources */,
				6FF9DA0B1BB3B3AD00183C3C /* Run Script */,
			);
			buildRules = (
			);
			dependencies = (
			);
			name = VeuExpress;
			productName = VeuExpress;
			productReference = 6FA7124B1A275C4D00D97F7D /* VeuExpress.app */;
			productType = "com.apple.product-type.application";
		};
		6FA712631A275C4D00D97F7D /* VeuExpressTests */ = {
			isa = PBXNativeTarget;
			buildConfigurationList = 6FA712711A275C4D00D97F7D /* Build configuration list for PBXNativeTarget "VeuExpressTests" */;
			buildPhases = (
				6FA712601A275C4D00D97F7D /* Sources */,
				6FA712611A275C4D00D97F7D /* Frameworks */,
				6FA712621A275C4D00D97F7D /* Resources */,
			);
			buildRules = (
			);
			dependencies = (
				6FA712661A275C4D00D97F7D /* PBXTargetDependency */,
			);
			name = VeuExpressTests;
			productName = VeuExpressTests;
			productReference = 6FA712641A275C4D00D97F7D /* VeuExpressTests.xctest */;
			productType = "com.apple.product-type.bundle.unit-test";
		};
/* End PBXNativeTarget section */

/* Begin PBXProject section */
		6FA712431A275C4D00D97F7D /* Project object */ = {
			isa = PBXProject;
			attributes = {
				LastUpgradeCheck = 0700;
				ORGANIZATIONNAME = "Le Thai Phuc Quang";
				TargetAttributes = {
					6FA7124A1A275C4D00D97F7D = {
						CreatedOnToolsVersion = 6.1;
						DevelopmentTeam = 4632F27GCZ;
					};
					6FA712631A275C4D00D97F7D = {
						CreatedOnToolsVersion = 6.1;
						TestTargetID = 6FA7124A1A275C4D00D97F7D;
					};
				};
			};
			buildConfigurationList = 6FA712461A275C4D00D97F7D /* Build configuration list for PBXProject "VeuExpress" */;
			compatibilityVersion = "Xcode 3.2";
			developmentRegion = English;
			hasScannedForEncodings = 0;
			knownRegions = (
				en,
				Base,
			);
			mainGroup = 6FA712421A275C4D00D97F7D;
			productRefGroup = 6FA7124C1A275C4D00D97F7D /* Products */;
			projectDirPath = "";
			projectRoot = "";
			targets = (
				6FA7124A1A275C4D00D97F7D /* VeuExpress */,
				6FA712631A275C4D00D97F7D /* VeuExpressTests */,
			);
		};
/* End PBXProject section */

/* Begin PBXResourcesBuildPhase section */
		6FA712491A275C4D00D97F7D /* Resources */ = {
			isa = PBXResourcesBuildPhase;
			buildActionMask = 2147483647;
			files = (
				6FA7125A1A275C4D00D97F7D /* Main.storyboard in Resources */,
				6FA7125F1A275C4D00D97F7D /* LaunchScreen.xib in Resources */,
				6FA7125C1A275C4D00D97F7D /* Images.xcassets in Resources */,
			);
			runOnlyForDeploymentPostprocessing = 0;
		};
		6FA712621A275C4D00D97F7D /* Resources */ = {
			isa = PBXResourcesBuildPhase;
			buildActionMask = 2147483647;
			files = (
			);
			runOnlyForDeploymentPostprocessing = 0;
		};
/* End PBXResourcesBuildPhase section */

/* Begin PBXShellScriptBuildPhase section */
		07435B610940F2C004DEA604 /* Copy Pods Resources */ = {
			isa = PBXShellScriptBuildPhase;
			buildActionMask = 2147483647;
			files = (
			);
			inputPaths = (
			);
			name = "Copy Pods Resources";
			outputPaths = (
			);
			runOnlyForDeploymentPostprocessing = 0;
			shellPath = /bin/sh;
			shellScript = "\"${SRCROOT}/Pods/Target Support Files/Pods-VeuExpress/Pods-VeuExpress-resources.sh\"\n";
			showEnvVarsInLog = 0;
		};
		6FF9DA0B1BB3B3AD00183C3C /* Run Script */ = {
			isa = PBXShellScriptBuildPhase;
			buildActionMask = 2147483647;
			files = (
			);
			inputPaths = (
			);
			name = "Run Script";
			outputPaths = (
			);
			runOnlyForDeploymentPostprocessing = 0;
			shellPath = /bin/sh;
			shellScript = "\"${PODS_ROOT}/Fabric/Fabric.framework/run\" de5f363780638267344471c685c2fc69d92f3198 73cc874c7a4bacc87d433bd4b48d8751592af630ac57eebfdab13749210b4eac";
		};
		CD06E1B0A5E43F5B88DBE713 /* Check Pods Manifest.lock */ = {
			isa = PBXShellScriptBuildPhase;
			buildActionMask = 2147483647;
			files = (
			);
			inputPaths = (
			);
			name = "Check Pods Manifest.lock";
			outputPaths = (
			);
			runOnlyForDeploymentPostprocessing = 0;
			shellPath = /bin/sh;
			shellScript = "diff \"${PODS_ROOT}/../Podfile.lock\" \"${PODS_ROOT}/Manifest.lock\" > /dev/null\nif [[ $? != 0 ]] ; then\n    cat << EOM\nerror: The sandbox is not in sync with the Podfile.lock. Run 'pod install' or update your CocoaPods installation.\nEOM\n    exit 1\nfi\n";
			showEnvVarsInLog = 0;
		};
/* End PBXShellScriptBuildPhase section */

/* Begin PBXSourcesBuildPhase section */
		6FA712471A275C4D00D97F7D /* Sources */ = {
			isa = PBXSourcesBuildPhase;
			buildActionMask = 2147483647;
			files = (
				6FB1F4511A2858E2009763EC /* TFHppleElement.m in Sources */,
				6FB1F4451A2852A3009763EC /* PQAuthenticatingService.m in Sources */,
				6F0D89DD1A6044CA00B99D36 /* PQThread.m in Sources */,
				6FD69E8E1A6B4EBE0066A908 /* PQConversationDetailViewController.m in Sources */,
				6F0D89DA1A6042B200B99D36 /* PQUser.m in Sources */,
				6F3CB8601A6E015D005812D5 /* PQReplyTicketViewController.m in Sources */,
				6FA712541A275C4D00D97F7D /* AppDelegate.m in Sources */,
				6FF7AD3E1A2DBEF600F35375 /* PQTicketTableViewViewController.m in Sources */,
				6FB1F4521A2858E2009763EC /* XPathQuery.m in Sources */,
				6FB1F4501A2858E2009763EC /* TFHpple.m in Sources */,
				6FCC04791A5ABD3A007D321E /* PQTicketCell.m in Sources */,
				6F9E9F631A6A56E400EA57B0 /* PQWebViewViewController.m in Sources */,
				6FF344281A6E26460057E242 /* TicketDetailTableViewCell.m in Sources */,
				6F74E7981A6E5CAB00EC390E /* TicketThreadTableViewCell.m in Sources */,
				6F574A041A2C2A9E003FF8EF /* PQRequestingService.m in Sources */,
				6FA712511A275C4D00D97F7D /* main.m in Sources */,
				6F574A071A2C2D3B003FF8EF /* PQParsingService.m in Sources */,
				6FD69E941A6B52CC0066A908 /* PQThreadTableViewCell.m in Sources */,
				6F592F201A2A518000569033 /* PQLoginViewController.m in Sources */,
				6FB1F4481A285518009763EC /* PQURLService.m in Sources */,
				6FF344251A6E26210057E242 /* TicketAuthorTableViewCell.m in Sources */,
				6F725FBC1A659FA70021A228 /* PQTicketDetailViewController.m in Sources */,
				6FB1F43E1A2851F6009763EC /* PQTicket.m in Sources */,
				6F3E42021A2B8A8800D13674 /* PQTicketListViewController.m in Sources */,
			);
			runOnlyForDeploymentPostprocessing = 0;
		};
		6FA712601A275C4D00D97F7D /* Sources */ = {
			isa = PBXSourcesBuildPhase;
			buildActionMask = 2147483647;
			files = (
				6FA7126B1A275C4D00D97F7D /* VeuExpressTests.m in Sources */,
			);
			runOnlyForDeploymentPostprocessing = 0;
		};
/* End PBXSourcesBuildPhase section */

/* Begin PBXTargetDependency section */
		6FA712661A275C4D00D97F7D /* PBXTargetDependency */ = {
			isa = PBXTargetDependency;
			target = 6FA7124A1A275C4D00D97F7D /* VeuExpress */;
			targetProxy = 6FA712651A275C4D00D97F7D /* PBXContainerItemProxy */;
		};
/* End PBXTargetDependency section */

/* Begin PBXVariantGroup section */
		6FA712581A275C4D00D97F7D /* Main.storyboard */ = {
			isa = PBXVariantGroup;
			children = (
				6FA712591A275C4D00D97F7D /* Base */,
			);
			name = Main.storyboard;
			sourceTree = "<group>";
		};
		6FA7125D1A275C4D00D97F7D /* LaunchScreen.xib */ = {
			isa = PBXVariantGroup;
			children = (
				6FA7125E1A275C4D00D97F7D /* Base */,
			);
			name = LaunchScreen.xib;
			sourceTree = "<group>";
		};
/* End PBXVariantGroup section */

/* Begin XCBuildConfiguration section */
		6FA7126C1A275C4D00D97F7D /* Debug */ = {
			isa = XCBuildConfiguration;
			buildSettings = {
				ALWAYS_SEARCH_USER_PATHS = NO;
				CLANG_CXX_LANGUAGE_STANDARD = "gnu++0x";
				CLANG_CXX_LIBRARY = "libc++";
				CLANG_ENABLE_MODULES = YES;
				CLANG_ENABLE_OBJC_ARC = YES;
				CLANG_WARN_BOOL_CONVERSION = YES;
				CLANG_WARN_CONSTANT_CONVERSION = YES;
				CLANG_WARN_DIRECT_OBJC_ISA_USAGE = YES_ERROR;
				CLANG_WARN_EMPTY_BODY = YES;
				CLANG_WARN_ENUM_CONVERSION = YES;
				CLANG_WARN_INT_CONVERSION = YES;
				CLANG_WARN_OBJC_ROOT_CLASS = YES_ERROR;
				CLANG_WARN_UNREACHABLE_CODE = YES;
				CLANG_WARN__DUPLICATE_METHOD_MATCH = YES;
				"CODE_SIGN_IDENTITY[sdk=iphoneos*]" = "iPhone Developer";
				COPY_PHASE_STRIP = NO;
				ENABLE_STRICT_OBJC_MSGSEND = YES;
				ENABLE_TESTABILITY = YES;
				GCC_C_LANGUAGE_STANDARD = gnu99;
				GCC_DYNAMIC_NO_PIC = NO;
				GCC_OPTIMIZATION_LEVEL = 0;
				GCC_PREPROCESSOR_DEFINITIONS = (
					"DEBUG=1",
					"$(inherited)",
				);
				GCC_SYMBOLS_PRIVATE_EXTERN = NO;
				GCC_WARN_64_TO_32_BIT_CONVERSION = YES;
				GCC_WARN_ABOUT_RETURN_TYPE = YES_ERROR;
				GCC_WARN_UNDECLARED_SELECTOR = YES;
				GCC_WARN_UNINITIALIZED_AUTOS = YES_AGGRESSIVE;
				GCC_WARN_UNUSED_FUNCTION = YES;
				GCC_WARN_UNUSED_VARIABLE = YES;
				IPHONEOS_DEPLOYMENT_TARGET = 8.1;
				MTL_ENABLE_DEBUG_INFO = YES;
				ONLY_ACTIVE_ARCH = YES;
				SDKROOT = iphoneos;
				TARGETED_DEVICE_FAMILY = "1,2";
			};
			name = Debug;
		};
		6FA7126D1A275C4D00D97F7D /* Release */ = {
			isa = XCBuildConfiguration;
			buildSettings = {
				ALWAYS_SEARCH_USER_PATHS = NO;
				CLANG_CXX_LANGUAGE_STANDARD = "gnu++0x";
				CLANG_CXX_LIBRARY = "libc++";
				CLANG_ENABLE_MODULES = YES;
				CLANG_ENABLE_OBJC_ARC = YES;
				CLANG_WARN_BOOL_CONVERSION = YES;
				CLANG_WARN_CONSTANT_CONVERSION = YES;
				CLANG_WARN_DIRECT_OBJC_ISA_USAGE = YES_ERROR;
				CLANG_WARN_EMPTY_BODY = YES;
				CLANG_WARN_ENUM_CONVERSION = YES;
				CLANG_WARN_INT_CONVERSION = YES;
				CLANG_WARN_OBJC_ROOT_CLASS = YES_ERROR;
				CLANG_WARN_UNREACHABLE_CODE = YES;
				CLANG_WARN__DUPLICATE_METHOD_MATCH = YES;
				"CODE_SIGN_IDENTITY[sdk=iphoneos*]" = "iPhone Developer";
				COPY_PHASE_STRIP = YES;
				ENABLE_NS_ASSERTIONS = NO;
				ENABLE_STRICT_OBJC_MSGSEND = YES;
				GCC_C_LANGUAGE_STANDARD = gnu99;
				GCC_WARN_64_TO_32_BIT_CONVERSION = YES;
				GCC_WARN_ABOUT_RETURN_TYPE = YES_ERROR;
				GCC_WARN_UNDECLARED_SELECTOR = YES;
				GCC_WARN_UNINITIALIZED_AUTOS = YES_AGGRESSIVE;
				GCC_WARN_UNUSED_FUNCTION = YES;
				GCC_WARN_UNUSED_VARIABLE = YES;
				IPHONEOS_DEPLOYMENT_TARGET = 8.1;
				MTL_ENABLE_DEBUG_INFO = NO;
				SDKROOT = iphoneos;
				TARGETED_DEVICE_FAMILY = "1,2";
				VALIDATE_PRODUCT = YES;
			};
			name = Release;
		};
		6FA7126F1A275C4D00D97F7D /* Debug */ = {
			isa = XCBuildConfiguration;
			baseConfigurationReference = 9E0F22BBAFE1753A1D34B838 /* Pods-VeuExpress.debug.xcconfig */;
			buildSettings = {
				ASSETCATALOG_COMPILER_APPICON_NAME = AppIcon;
				CODE_SIGN_IDENTITY = "iPhone Developer";
				"CODE_SIGN_IDENTITY[sdk=iphoneos*]" = "iPhone Developer";
				HEADER_SEARCH_PATHS = (
					"\"${PODS_ROOT}/Headers/Public\"",
					"\"${PODS_ROOT}/Headers/Public/AFNetworking\"",
					"$(SDKROOT)/usr/include/libxml2",
				);
				INFOPLIST_FILE = VeuExpress/Info.plist;
				LD_RUNPATH_SEARCH_PATHS = "$(inherited) @executable_path/Frameworks";
				PRODUCT_BUNDLE_IDENTIFIER = "com.quangltp.$(PRODUCT_NAME:rfc1034identifier)";
				PRODUCT_NAME = "$(TARGET_NAME)";
				PROVISIONING_PROFILE = "";
			};
			name = Debug;
		};
		6FA712701A275C4D00D97F7D /* Release */ = {
			isa = XCBuildConfiguration;
			baseConfigurationReference = 625E868E39B49BF14423AF2C /* Pods-VeuExpress.release.xcconfig */;
			buildSettings = {
				ASSETCATALOG_COMPILER_APPICON_NAME = AppIcon;
				CODE_SIGN_IDENTITY = "iPhone Developer";
				"CODE_SIGN_IDENTITY[sdk=iphoneos*]" = "iPhone Developer";
				HEADER_SEARCH_PATHS = (
					"\"${PODS_ROOT}/Headers/Public\"",
					"\"${PODS_ROOT}/Headers/Public/AFNetworking\"",
					"$(SDKROOT)/usr/include/libxml2",
				);
				INFOPLIST_FILE = VeuExpress/Info.plist;
				LD_RUNPATH_SEARCH_PATHS = "$(inherited) @executable_path/Frameworks";
				PRODUCT_BUNDLE_IDENTIFIER = "com.quangltp.$(PRODUCT_NAME:rfc1034identifier)";
				PRODUCT_NAME = "$(TARGET_NAME)";
				PROVISIONING_PROFILE = "";
			};
			name = Release;
		};
		6FA712721A275C4D00D97F7D /* Debug */ = {
			isa = XCBuildConfiguration;
			buildSettings = {
				BUNDLE_LOADER = "$(TEST_HOST)";
				FRAMEWORK_SEARCH_PATHS = (
					"$(SDKROOT)/Developer/Library/Frameworks",
					"$(inherited)",
				);
				GCC_PREPROCESSOR_DEFINITIONS = (
					"DEBUG=1",
					"$(inherited)",
				);
				INFOPLIST_FILE = VeuExpressTests/Info.plist;
				LD_RUNPATH_SEARCH_PATHS = "$(inherited) @executable_path/Frameworks @loader_path/Frameworks";
				PRODUCT_BUNDLE_IDENTIFIER = "com.quangltp.$(PRODUCT_NAME:rfc1034identifier)";
				PRODUCT_NAME = "$(TARGET_NAME)";
				TEST_HOST = "$(BUILT_PRODUCTS_DIR)/VeuExpress.app/VeuExpress";
			};
			name = Debug;
		};
		6FA712731A275C4D00D97F7D /* Release */ = {
			isa = XCBuildConfiguration;
			buildSettings = {
				BUNDLE_LOADER = "$(TEST_HOST)";
				FRAMEWORK_SEARCH_PATHS = (
					"$(SDKROOT)/Developer/Library/Frameworks",
					"$(inherited)",
				);
				INFOPLIST_FILE = VeuExpressTests/Info.plist;
				LD_RUNPATH_SEARCH_PATHS = "$(inherited) @executable_path/Frameworks @loader_path/Frameworks";
				PRODUCT_BUNDLE_IDENTIFIER = "com.quangltp.$(PRODUCT_NAME:rfc1034identifier)";
				PRODUCT_NAME = "$(TARGET_NAME)";
				TEST_HOST = "$(BUILT_PRODUCTS_DIR)/VeuExpress.app/VeuExpress";
			};
			name = Release;
		};
/* End XCBuildConfiguration section */

/* Begin XCConfigurationList section */
		6FA712461A275C4D00D97F7D /* Build configuration list for PBXProject "VeuExpress" */ = {
			isa = XCConfigurationList;
			buildConfigurations = (
				6FA7126C1A275C4D00D97F7D /* Debug */,
				6FA7126D1A275C4D00D97F7D /* Release */,
			);
			defaultConfigurationIsVisible = 0;
			defaultConfigurationName = Release;
		};
		6FA7126E1A275C4D00D97F7D /* Build configuration list for PBXNativeTarget "VeuExpress" */ = {
			isa = XCConfigurationList;
			buildConfigurations = (
				6FA7126F1A275C4D00D97F7D /* Debug */,
				6FA712701A275C4D00D97F7D /* Release */,
			);
			defaultConfigurationIsVisible = 0;
			defaultConfigurationName = Release;
		};
		6FA712711A275C4D00D97F7D /* Build configuration list for PBXNativeTarget "VeuExpressTests" */ = {
			isa = XCConfigurationList;
			buildConfigurations = (
				6FA712721A275C4D00D97F7D /* Debug */,
				6FA712731A275C4D00D97F7D /* Release */,
			);
			defaultConfigurationIsVisible = 0;
			defaultConfigurationName = Release;
		};
/* End XCConfigurationList section */
	};
	rootObject = 6FA712431A275C4D00D97F7D /* Project object */;
}
